// !$*UTF8*$!
{
	archiveVersion = 1;
	classes = {
	};
	objectVersion = 56;
	objects = {

/* Begin PBXBuildFile section */
		5C5E8EF52ECAE8D400A38349 /* Recipe-AppIcon.icon in Resources */ = {isa = PBXBuildFile; fileRef = 5C5E8EF42ECAE8D400A38349 /* Recipe-AppIcon.icon */; };
		5C75140E2CAA66BB00D9ACE0 /* WebService.swift in Sources */ = {isa = PBXBuildFile; fileRef = 5C75140D2CAA66BB00D9ACE0 /* WebService.swift */; };
		5CB36A242EAD691200490467 /* TitledList.swift in Sources */ = {isa = PBXBuildFile; fileRef = 5CB36A232EAD690E00490467 /* TitledList.swift */; };
		5CB36A2A2EAF1F7900490467 /* PersistenceManager.swift in Sources */ = {isa = PBXBuildFile; fileRef = 5CB36A292EAF1F7400490467 /* PersistenceManager.swift */; };
		5CB37C2F2CBB830400A85C11 /* URLInputView.swift in Sources */ = {isa = PBXBuildFile; fileRef = 5CB37C2E2CBB830400A85C11 /* URLInputView.swift */; };
		5CB37C352CBC525B00A85C11 /* RecipeRowView.swift in Sources */ = {isa = PBXBuildFile; fileRef = 5CB37C342CBC525B00A85C11 /* RecipeRowView.swift */; };
		5CB37C372CBCB50300A85C11 /* RecipeDetailView.swift in Sources */ = {isa = PBXBuildFile; fileRef = 5CB37C362CBCB50300A85C11 /* RecipeDetailView.swift */; };
		5CB37C392CBCC3DC00A85C11 /* RecipeImage.swift in Sources */ = {isa = PBXBuildFile; fileRef = 5CB37C382CBCC3DC00A85C11 /* RecipeImage.swift */; };
		5CB37C3B2CCEE06900A85C11 /* HomeViewModel.swift in Sources */ = {isa = PBXBuildFile; fileRef = 5CB37C3A2CCEE06900A85C11 /* HomeViewModel.swift */; };
		5CB37C3F2CCF440B00A85C11 /* SmartSearchMatcher.swift in Sources */ = {isa = PBXBuildFile; fileRef = 5CB37C3E2CCF440B00A85C11 /* SmartSearchMatcher.swift */; };
		5CB37C412CCF591B00A85C11 /* LabeledRecipe.swift in Sources */ = {isa = PBXBuildFile; fileRef = 5CB37C402CCF591B00A85C11 /* LabeledRecipe.swift */; };
		5CB37C442CD47E9400A85C11 /* RecipeBook.swift in Sources */ = {isa = PBXBuildFile; fileRef = 5CB37C432CD47E9400A85C11 /* RecipeBook.swift */; };
		5CB37C462CD7E5E900A85C11 /* RecipeLibraryView.swift in Sources */ = {isa = PBXBuildFile; fileRef = 5CB37C452CD7E5E900A85C11 /* RecipeLibraryView.swift */; };
		5CB37C492CDFF28F00A85C11 /* RecipeViewModel.swift in Sources */ = {isa = PBXBuildFile; fileRef = 5CB37C482CDFF28F00A85C11 /* RecipeViewModel.swift */; };
		5CB7F6912CF246DF006FC01B /* RecipeLibraryViewModel.swift in Sources */ = {isa = PBXBuildFile; fileRef = 5CB7F6902CF246DF006FC01B /* RecipeLibraryViewModel.swift */; };
		5CB7F6932CF2F388006FC01B /* RecipeBookEditor.swift in Sources */ = {isa = PBXBuildFile; fileRef = 5CB7F6922CF2F388006FC01B /* RecipeBookEditor.swift */; };
		5CB7F6952CF2F52A006FC01B /* RecipeBookViewModel.swift in Sources */ = {isa = PBXBuildFile; fileRef = 5CB7F6942CF2F52A006FC01B /* RecipeBookViewModel.swift */; };
		5CB7F69B2CF78D6E006FC01B /* Orientation.swift in Sources */ = {isa = PBXBuildFile; fileRef = 5CB7F69A2CF78D6E006FC01B /* Orientation.swift */; };
		5CC1E3242CA9ED9700A2561E /* RecipeModel.swift in Sources */ = {isa = PBXBuildFile; fileRef = 5CC1E3232CA9ED9700A2561E /* RecipeModel.swift */; };
		5CC1E3272CA9EE8700A2561E /* Recipe.swift in Sources */ = {isa = PBXBuildFile; fileRef = 5CC1E3262CA9EE8700A2561E /* Recipe.swift */; };
		5CC1E3292CA9F06700A2561E /* RecipeEditorView.swift in Sources */ = {isa = PBXBuildFile; fileRef = 5CC1E3282CA9F06700A2561E /* RecipeEditorView.swift */; };
		5CC4568E2EB689D80045A861 /* RecipeContainerView.swift in Sources */ = {isa = PBXBuildFile; fileRef = 5CC4568D2EB689760045A861 /* RecipeContainerView.swift */; };
		5CC456902EB697F70045A861 /* RecipeLayoutView.swift in Sources */ = {isa = PBXBuildFile; fileRef = 5CC4568F2EB697F40045A861 /* RecipeLayoutView.swift */; };
		5CC456932EB7046B0045A861 /* CustomTextFieldModifier.swift in Sources */ = {isa = PBXBuildFile; fileRef = 5CC456922EB704630045A861 /* CustomTextFieldModifier.swift */; };
		5CC456952EB704F90045A861 /* CustomListRowModifier.swift in Sources */ = {isa = PBXBuildFile; fileRef = 5CC456942EB704CF0045A861 /* CustomListRowModifier.swift */; };
		FA6979DC2C7C3B2D007DD2A5 /* RecipeBookApp.swift in Sources */ = {isa = PBXBuildFile; fileRef = FA6979DB2C7C3B2D007DD2A5 /* RecipeBookApp.swift */; };
		FA6979E32C7C3B2D007DD2A5 /* HomeView.swift in Sources */ = {isa = PBXBuildFile; fileRef = FA6979E22C7C3B2D007DD2A5 /* HomeView.swift */; };
		FA6979E52C7C3B3A007DD2A5 /* Assets.xcassets in Resources */ = {isa = PBXBuildFile; fileRef = FA6979E42C7C3B3A007DD2A5 /* Assets.xcassets */; };
		FA6979E92C7C3B3A007DD2A5 /* Preview Assets.xcassets in Resources */ = {isa = PBXBuildFile; fileRef = FA6979E82C7C3B3A007DD2A5 /* Preview Assets.xcassets */; };
		FA6979F32C7C3B3A007DD2A5 /* RecipeBookTests.swift in Sources */ = {isa = PBXBuildFile; fileRef = FA6979F22C7C3B3A007DD2A5 /* RecipeBookTests.swift */; };
		FA6979FD2C7C3B3A007DD2A5 /* RecipeBookUITests.swift in Sources */ = {isa = PBXBuildFile; fileRef = FA6979FC2C7C3B3A007DD2A5 /* RecipeBookUITests.swift */; };
		FA6979FF2C7C3B3A007DD2A5 /* RecipeBookUITestsLaunchTests.swift in Sources */ = {isa = PBXBuildFile; fileRef = FA6979FE2C7C3B3A007DD2A5 /* RecipeBookUITestsLaunchTests.swift */; };
/* End PBXBuildFile section */

/* Begin PBXContainerItemProxy section */
		FA6979EF2C7C3B3A007DD2A5 /* PBXContainerItemProxy */ = {
			isa = PBXContainerItemProxy;
			containerPortal = FA6979D02C7C3B2D007DD2A5 /* Project object */;
			proxyType = 1;
			remoteGlobalIDString = FA6979D72C7C3B2D007DD2A5;
			remoteInfo = RecipeBook;
		};
		FA6979F92C7C3B3A007DD2A5 /* PBXContainerItemProxy */ = {
			isa = PBXContainerItemProxy;
			containerPortal = FA6979D02C7C3B2D007DD2A5 /* Project object */;
			proxyType = 1;
			remoteGlobalIDString = FA6979D72C7C3B2D007DD2A5;
			remoteInfo = RecipeBook;
		};
/* End PBXContainerItemProxy section */

/* Begin PBXFileReference section */
		5C2F9B252CFAA06D001E234D /* CloudKit.framework */ = {isa = PBXFileReference; lastKnownFileType = wrapper.framework; name = CloudKit.framework; path = System/Library/Frameworks/CloudKit.framework; sourceTree = SDKROOT; };
		5C5E8EF42ECAE8D400A38349 /* Recipe-AppIcon.icon */ = {isa = PBXFileReference; lastKnownFileType = folder.iconcomposer.icon; path = "Recipe-AppIcon.icon"; sourceTree = "<group>"; };
		5C75140D2CAA66BB00D9ACE0 /* WebService.swift */ = {isa = PBXFileReference; lastKnownFileType = sourcecode.swift; path = WebService.swift; sourceTree = "<group>"; };
		5CB36A232EAD690E00490467 /* TitledList.swift */ = {isa = PBXFileReference; lastKnownFileType = sourcecode.swift; path = TitledList.swift; sourceTree = "<group>"; };
		5CB36A292EAF1F7400490467 /* PersistenceManager.swift */ = {isa = PBXFileReference; lastKnownFileType = sourcecode.swift; path = PersistenceManager.swift; sourceTree = "<group>"; };
		5CB37C2E2CBB830400A85C11 /* URLInputView.swift */ = {isa = PBXFileReference; lastKnownFileType = sourcecode.swift; path = URLInputView.swift; sourceTree = "<group>"; };
		5CB37C342CBC525B00A85C11 /* RecipeRowView.swift */ = {isa = PBXFileReference; lastKnownFileType = sourcecode.swift; path = RecipeRowView.swift; sourceTree = "<group>"; };
		5CB37C362CBCB50300A85C11 /* RecipeDetailView.swift */ = {isa = PBXFileReference; lastKnownFileType = sourcecode.swift; path = RecipeDetailView.swift; sourceTree = "<group>"; };
		5CB37C382CBCC3DC00A85C11 /* RecipeImage.swift */ = {isa = PBXFileReference; lastKnownFileType = sourcecode.swift; path = RecipeImage.swift; sourceTree = "<group>"; };
		5CB37C3A2CCEE06900A85C11 /* HomeViewModel.swift */ = {isa = PBXFileReference; lastKnownFileType = sourcecode.swift; path = HomeViewModel.swift; sourceTree = "<group>"; };
		5CB37C3E2CCF440B00A85C11 /* SmartSearchMatcher.swift */ = {isa = PBXFileReference; lastKnownFileType = sourcecode.swift; path = SmartSearchMatcher.swift; sourceTree = "<group>"; };
		5CB37C402CCF591B00A85C11 /* LabeledRecipe.swift */ = {isa = PBXFileReference; lastKnownFileType = sourcecode.swift; path = LabeledRecipe.swift; sourceTree = "<group>"; };
		5CB37C422CD476AC00A85C11 /* Info.plist */ = {isa = PBXFileReference; lastKnownFileType = text.plist.xml; path = Info.plist; sourceTree = "<group>"; };
		5CB37C432CD47E9400A85C11 /* RecipeBook.swift */ = {isa = PBXFileReference; lastKnownFileType = sourcecode.swift; path = RecipeBook.swift; sourceTree = "<group>"; };
		5CB37C452CD7E5E900A85C11 /* RecipeLibraryView.swift */ = {isa = PBXFileReference; lastKnownFileType = sourcecode.swift; path = RecipeLibraryView.swift; sourceTree = "<group>"; };
		5CB37C482CDFF28F00A85C11 /* RecipeViewModel.swift */ = {isa = PBXFileReference; lastKnownFileType = sourcecode.swift; path = RecipeViewModel.swift; sourceTree = "<group>"; };
		5CB7F6902CF246DF006FC01B /* RecipeLibraryViewModel.swift */ = {isa = PBXFileReference; lastKnownFileType = sourcecode.swift; path = RecipeLibraryViewModel.swift; sourceTree = "<group>"; };
		5CB7F6922CF2F388006FC01B /* RecipeBookEditor.swift */ = {isa = PBXFileReference; lastKnownFileType = sourcecode.swift; path = RecipeBookEditor.swift; sourceTree = "<group>"; };
		5CB7F6942CF2F52A006FC01B /* RecipeBookViewModel.swift */ = {isa = PBXFileReference; lastKnownFileType = sourcecode.swift; path = RecipeBookViewModel.swift; sourceTree = "<group>"; };
		5CB7F69A2CF78D6E006FC01B /* Orientation.swift */ = {isa = PBXFileReference; lastKnownFileType = sourcecode.swift; path = Orientation.swift; sourceTree = "<group>"; };
		5CC1E3232CA9ED9700A2561E /* RecipeModel.swift */ = {isa = PBXFileReference; lastKnownFileType = sourcecode.swift; path = RecipeModel.swift; sourceTree = "<group>"; };
		5CC1E3262CA9EE8700A2561E /* Recipe.swift */ = {isa = PBXFileReference; lastKnownFileType = sourcecode.swift; path = Recipe.swift; sourceTree = "<group>"; };
		5CC1E3282CA9F06700A2561E /* RecipeEditorView.swift */ = {isa = PBXFileReference; lastKnownFileType = sourcecode.swift; path = RecipeEditorView.swift; sourceTree = "<group>"; };
		5CC4568D2EB689760045A861 /* RecipeContainerView.swift */ = {isa = PBXFileReference; lastKnownFileType = sourcecode.swift; path = RecipeContainerView.swift; sourceTree = "<group>"; };
		5CC4568F2EB697F40045A861 /* RecipeLayoutView.swift */ = {isa = PBXFileReference; lastKnownFileType = sourcecode.swift; path = RecipeLayoutView.swift; sourceTree = "<group>"; };
		5CC456922EB704630045A861 /* CustomTextFieldModifier.swift */ = {isa = PBXFileReference; lastKnownFileType = sourcecode.swift; path = CustomTextFieldModifier.swift; sourceTree = "<group>"; };
		5CC456942EB704CF0045A861 /* CustomListRowModifier.swift */ = {isa = PBXFileReference; lastKnownFileType = sourcecode.swift; path = CustomListRowModifier.swift; sourceTree = "<group>"; };
		FA6979D82C7C3B2D007DD2A5 /* RecipeBook.app */ = {isa = PBXFileReference; explicitFileType = wrapper.application; includeInIndex = 0; path = RecipeBook.app; sourceTree = BUILT_PRODUCTS_DIR; };
		FA6979DB2C7C3B2D007DD2A5 /* RecipeBookApp.swift */ = {isa = PBXFileReference; lastKnownFileType = sourcecode.swift; path = RecipeBookApp.swift; sourceTree = "<group>"; };
		FA6979E22C7C3B2D007DD2A5 /* HomeView.swift */ = {isa = PBXFileReference; lastKnownFileType = sourcecode.swift; path = HomeView.swift; sourceTree = "<group>"; };
		FA6979E42C7C3B3A007DD2A5 /* Assets.xcassets */ = {isa = PBXFileReference; lastKnownFileType = folder.assetcatalog; path = Assets.xcassets; sourceTree = "<group>"; };
		FA6979E62C7C3B3A007DD2A5 /* RecipeBook.entitlements */ = {isa = PBXFileReference; lastKnownFileType = text.plist.entitlements; path = RecipeBook.entitlements; sourceTree = "<group>"; };
		FA6979E82C7C3B3A007DD2A5 /* Preview Assets.xcassets */ = {isa = PBXFileReference; lastKnownFileType = folder.assetcatalog; path = "Preview Assets.xcassets"; sourceTree = "<group>"; };
		FA6979EE2C7C3B3A007DD2A5 /* RecipeBookTests.xctest */ = {isa = PBXFileReference; explicitFileType = wrapper.cfbundle; includeInIndex = 0; path = RecipeBookTests.xctest; sourceTree = BUILT_PRODUCTS_DIR; };
		FA6979F22C7C3B3A007DD2A5 /* RecipeBookTests.swift */ = {isa = PBXFileReference; lastKnownFileType = sourcecode.swift; path = RecipeBookTests.swift; sourceTree = "<group>"; };
		FA6979F82C7C3B3A007DD2A5 /* RecipeBookUITests.xctest */ = {isa = PBXFileReference; explicitFileType = wrapper.cfbundle; includeInIndex = 0; path = RecipeBookUITests.xctest; sourceTree = BUILT_PRODUCTS_DIR; };
		FA6979FC2C7C3B3A007DD2A5 /* RecipeBookUITests.swift */ = {isa = PBXFileReference; lastKnownFileType = sourcecode.swift; path = RecipeBookUITests.swift; sourceTree = "<group>"; };
		FA6979FE2C7C3B3A007DD2A5 /* RecipeBookUITestsLaunchTests.swift */ = {isa = PBXFileReference; lastKnownFileType = sourcecode.swift; path = RecipeBookUITestsLaunchTests.swift; sourceTree = "<group>"; };
/* End PBXFileReference section */

/* Begin PBXFrameworksBuildPhase section */
		FA6979D52C7C3B2D007DD2A5 /* Frameworks */ = {
			isa = PBXFrameworksBuildPhase;
			buildActionMask = 2147483647;
			files = (
			);
			runOnlyForDeploymentPostprocessing = 0;
		};
		FA6979EB2C7C3B3A007DD2A5 /* Frameworks */ = {
			isa = PBXFrameworksBuildPhase;
			buildActionMask = 2147483647;
			files = (
			);
			runOnlyForDeploymentPostprocessing = 0;
		};
		FA6979F52C7C3B3A007DD2A5 /* Frameworks */ = {
			isa = PBXFrameworksBuildPhase;
			buildActionMask = 2147483647;
			files = (
			);
			runOnlyForDeploymentPostprocessing = 0;
		};
/* End PBXFrameworksBuildPhase section */

/* Begin PBXGroup section */
		5C2F9B242CFAA06D001E234D /* Frameworks */ = {
			isa = PBXGroup;
			children = (
				5C2F9B252CFAA06D001E234D /* CloudKit.framework */,
			);
			name = Frameworks;
			sourceTree = "<group>";
		};
		5C75140C2CAA664000D9ACE0 /* WebService */ = {
			isa = PBXGroup;
			children = (
				5C75140D2CAA66BB00D9ACE0 /* WebService.swift */,
			);
			path = WebService;
			sourceTree = "<group>";
		};
		5CB37C302CBB861700A85C11 /* Persistence */ = {
			isa = PBXGroup;
			children = (
				5CB36A292EAF1F7400490467 /* PersistenceManager.swift */,
			);
			path = Persistence;
			sourceTree = "<group>";
		};
		5CB37C312CBB862300A85C11 /* Views */ = {
			isa = PBXGroup;
			children = (
				5CC4568F2EB697F40045A861 /* RecipeLayoutView.swift */,
				5CC4568D2EB689760045A861 /* RecipeContainerView.swift */,
				FA6979E22C7C3B2D007DD2A5 /* HomeView.swift */,
				5CB7F6922CF2F388006FC01B /* RecipeBookEditor.swift */,
				5CB37C452CD7E5E900A85C11 /* RecipeLibraryView.swift */,
				5CC1E3282CA9F06700A2561E /* RecipeEditorView.swift */,
				5CB37C362CBCB50300A85C11 /* RecipeDetailView.swift */,
				5CB37C342CBC525B00A85C11 /* RecipeRowView.swift */,
				5CB37C2E2CBB830400A85C11 /* URLInputView.swift */,
				5CB37C382CBCC3DC00A85C11 /* RecipeImage.swift */,
			);
			path = Views;
			sourceTree = "<group>";
		};
		5CB37C3C2CCEE07800A85C11 /* ViewModels */ = {
			isa = PBXGroup;
			children = (
				5CB37C3A2CCEE06900A85C11 /* HomeViewModel.swift */,
				5CB7F6902CF246DF006FC01B /* RecipeLibraryViewModel.swift */,
				5CB37C482CDFF28F00A85C11 /* RecipeViewModel.swift */,
				5CB7F6942CF2F52A006FC01B /* RecipeBookViewModel.swift */,
				5CB7F69A2CF78D6E006FC01B /* Orientation.swift */,
			);
			path = ViewModels;
			sourceTree = "<group>";
		};
		5CB37C3D2CCF43F400A85C11 /* Search */ = {
			isa = PBXGroup;
			children = (
				5CB37C3E2CCF440B00A85C11 /* SmartSearchMatcher.swift */,
				5CB37C402CCF591B00A85C11 /* LabeledRecipe.swift */,
			);
			path = Search;
			sourceTree = "<group>";
		};
		5CB37C472CD8092E00A85C11 /* Supporting Files */ = {
			isa = PBXGroup;
			children = (
				FA6979E42C7C3B3A007DD2A5 /* Assets.xcassets */,
				5CB37C422CD476AC00A85C11 /* Info.plist */,
				FA6979E62C7C3B3A007DD2A5 /* RecipeBook.entitlements */,
			);
			path = "Supporting Files";
			sourceTree = "<group>";
		};
		5CC1E3252CA9ED9C00A2561E /* Models */ = {
			isa = PBXGroup;
			children = (
				5CC1E3232CA9ED9700A2561E /* RecipeModel.swift */,
				5CC1E3262CA9EE8700A2561E /* Recipe.swift */,
				5CB36A232EAD690E00490467 /* TitledList.swift */,
				5CB37C432CD47E9400A85C11 /* RecipeBook.swift */,
			);
			path = Models;
			sourceTree = "<group>";
		};
		5CC456912EB704570045A861 /* View Components */ = {
			isa = PBXGroup;
			children = (
				5CC456942EB704CF0045A861 /* CustomListRowModifier.swift */,
				5CC456922EB704630045A861 /* CustomTextFieldModifier.swift */,
			);
			path = "View Components";
			sourceTree = "<group>";
		};
		FA6979CF2C7C3B2D007DD2A5 = {
			isa = PBXGroup;
			children = (
				5C5E8EF42ECAE8D400A38349 /* Recipe-AppIcon.icon */,
				FA6979DA2C7C3B2D007DD2A5 /* RecipeBook */,
				FA6979F12C7C3B3A007DD2A5 /* RecipeBookTests */,
				FA6979FB2C7C3B3A007DD2A5 /* RecipeBookUITests */,
				5C2F9B242CFAA06D001E234D /* Frameworks */,
				FA6979D92C7C3B2D007DD2A5 /* Products */,
			);
			sourceTree = "<group>";
		};
		FA6979D92C7C3B2D007DD2A5 /* Products */ = {
			isa = PBXGroup;
			children = (
				FA6979D82C7C3B2D007DD2A5 /* RecipeBook.app */,
				FA6979EE2C7C3B3A007DD2A5 /* RecipeBookTests.xctest */,
				FA6979F82C7C3B3A007DD2A5 /* RecipeBookUITests.xctest */,
			);
			name = Products;
			sourceTree = "<group>";
		};
		FA6979DA2C7C3B2D007DD2A5 /* RecipeBook */ = {
			isa = PBXGroup;
			children = (
				5CC456912EB704570045A861 /* View Components */,
				5CB37C472CD8092E00A85C11 /* Supporting Files */,
				5CB37C3D2CCF43F400A85C11 /* Search */,
				5CB37C3C2CCEE07800A85C11 /* ViewModels */,
				5CB37C312CBB862300A85C11 /* Views */,
				5CB37C302CBB861700A85C11 /* Persistence */,
				5C75140C2CAA664000D9ACE0 /* WebService */,
				5CC1E3252CA9ED9C00A2561E /* Models */,
				FA6979DB2C7C3B2D007DD2A5 /* RecipeBookApp.swift */,
				FA6979E72C7C3B3A007DD2A5 /* Preview Content */,
			);
			path = RecipeBook;
			sourceTree = "<group>";
		};
		FA6979E72C7C3B3A007DD2A5 /* Preview Content */ = {
			isa = PBXGroup;
			children = (
				FA6979E82C7C3B3A007DD2A5 /* Preview Assets.xcassets */,
			);
			path = "Preview Content";
			sourceTree = "<group>";
		};
		FA6979F12C7C3B3A007DD2A5 /* RecipeBookTests */ = {
			isa = PBXGroup;
			children = (
				FA6979F22C7C3B3A007DD2A5 /* RecipeBookTests.swift */,
			);
			path = RecipeBookTests;
			sourceTree = "<group>";
		};
		FA6979FB2C7C3B3A007DD2A5 /* RecipeBookUITests */ = {
			isa = PBXGroup;
			children = (
				FA6979FC2C7C3B3A007DD2A5 /* RecipeBookUITests.swift */,
				FA6979FE2C7C3B3A007DD2A5 /* RecipeBookUITestsLaunchTests.swift */,
			);
			path = RecipeBookUITests;
			sourceTree = "<group>";
		};
/* End PBXGroup section */

/* Begin PBXNativeTarget section */
		FA6979D72C7C3B2D007DD2A5 /* RecipeBook */ = {
			isa = PBXNativeTarget;
			buildConfigurationList = FA697A022C7C3B3A007DD2A5 /* Build configuration list for PBXNativeTarget "RecipeBook" */;
			buildPhases = (
				FA6979D42C7C3B2D007DD2A5 /* Sources */,
				FA6979D52C7C3B2D007DD2A5 /* Frameworks */,
				FA6979D62C7C3B2D007DD2A5 /* Resources */,
			);
			buildRules = (
			);
			dependencies = (
			);
			name = RecipeBook;
			productName = RecipeBook;
			productReference = FA6979D82C7C3B2D007DD2A5 /* RecipeBook.app */;
			productType = "com.apple.product-type.application";
		};
		FA6979ED2C7C3B3A007DD2A5 /* RecipeBookTests */ = {
			isa = PBXNativeTarget;
			buildConfigurationList = FA697A052C7C3B3A007DD2A5 /* Build configuration list for PBXNativeTarget "RecipeBookTests" */;
			buildPhases = (
				FA6979EA2C7C3B3A007DD2A5 /* Sources */,
				FA6979EB2C7C3B3A007DD2A5 /* Frameworks */,
				FA6979EC2C7C3B3A007DD2A5 /* Resources */,
			);
			buildRules = (
			);
			dependencies = (
				FA6979F02C7C3B3A007DD2A5 /* PBXTargetDependency */,
			);
			name = RecipeBookTests;
			productName = RecipeBookTests;
			productReference = FA6979EE2C7C3B3A007DD2A5 /* RecipeBookTests.xctest */;
			productType = "com.apple.product-type.bundle.unit-test";
		};
		FA6979F72C7C3B3A007DD2A5 /* RecipeBookUITests */ = {
			isa = PBXNativeTarget;
			buildConfigurationList = FA697A082C7C3B3A007DD2A5 /* Build configuration list for PBXNativeTarget "RecipeBookUITests" */;
			buildPhases = (
				FA6979F42C7C3B3A007DD2A5 /* Sources */,
				FA6979F52C7C3B3A007DD2A5 /* Frameworks */,
				FA6979F62C7C3B3A007DD2A5 /* Resources */,
			);
			buildRules = (
			);
			dependencies = (
				FA6979FA2C7C3B3A007DD2A5 /* PBXTargetDependency */,
			);
			name = RecipeBookUITests;
			productName = RecipeBookUITests;
			productReference = FA6979F82C7C3B3A007DD2A5 /* RecipeBookUITests.xctest */;
			productType = "com.apple.product-type.bundle.ui-testing";
		};
/* End PBXNativeTarget section */

/* Begin PBXProject section */
		FA6979D02C7C3B2D007DD2A5 /* Project object */ = {
			isa = PBXProject;
			attributes = {
				BuildIndependentTargetsInParallel = 1;
				LastSwiftUpdateCheck = 1430;
				LastUpgradeCheck = 1430;
				TargetAttributes = {
					FA6979D72C7C3B2D007DD2A5 = {
						CreatedOnToolsVersion = 14.3.1;
					};
					FA6979ED2C7C3B3A007DD2A5 = {
						CreatedOnToolsVersion = 14.3.1;
						TestTargetID = FA6979D72C7C3B2D007DD2A5;
					};
					FA6979F72C7C3B3A007DD2A5 = {
						CreatedOnToolsVersion = 14.3.1;
						TestTargetID = FA6979D72C7C3B2D007DD2A5;
					};
				};
			};
			buildConfigurationList = FA6979D32C7C3B2D007DD2A5 /* Build configuration list for PBXProject "RecipeBook" */;
			compatibilityVersion = "Xcode 14.0";
			developmentRegion = en;
			hasScannedForEncodings = 0;
			knownRegions = (
				en,
				Base,
			);
			mainGroup = FA6979CF2C7C3B2D007DD2A5;
			productRefGroup = FA6979D92C7C3B2D007DD2A5 /* Products */;
			projectDirPath = "";
			projectRoot = "";
			targets = (
				FA6979D72C7C3B2D007DD2A5 /* RecipeBook */,
				FA6979ED2C7C3B3A007DD2A5 /* RecipeBookTests */,
				FA6979F72C7C3B3A007DD2A5 /* RecipeBookUITests */,
			);
		};
/* End PBXProject section */

/* Begin PBXResourcesBuildPhase section */
		FA6979D62C7C3B2D007DD2A5 /* Resources */ = {
			isa = PBXResourcesBuildPhase;
			buildActionMask = 2147483647;
			files = (
				FA6979E92C7C3B3A007DD2A5 /* Preview Assets.xcassets in Resources */,
				FA6979E52C7C3B3A007DD2A5 /* Assets.xcassets in Resources */,
				5C5E8EF52ECAE8D400A38349 /* Recipe-AppIcon.icon in Resources */,
			);
			runOnlyForDeploymentPostprocessing = 0;
		};
		FA6979EC2C7C3B3A007DD2A5 /* Resources */ = {
			isa = PBXResourcesBuildPhase;
			buildActionMask = 2147483647;
			files = (
			);
			runOnlyForDeploymentPostprocessing = 0;
		};
		FA6979F62C7C3B3A007DD2A5 /* Resources */ = {
			isa = PBXResourcesBuildPhase;
			buildActionMask = 2147483647;
			files = (
			);
			runOnlyForDeploymentPostprocessing = 0;
		};
/* End PBXResourcesBuildPhase section */

/* Begin PBXSourcesBuildPhase section */
		FA6979D42C7C3B2D007DD2A5 /* Sources */ = {
			isa = PBXSourcesBuildPhase;
			buildActionMask = 2147483647;
			files = (
				FA6979DC2C7C3B2D007DD2A5 /* RecipeBookApp.swift in Sources */,
				5CB37C492CDFF28F00A85C11 /* RecipeViewModel.swift in Sources */,
				5CC456902EB697F70045A861 /* RecipeLayoutView.swift in Sources */,
				5CB37C392CBCC3DC00A85C11 /* RecipeImage.swift in Sources */,
				5CB7F6952CF2F52A006FC01B /* RecipeBookViewModel.swift in Sources */,
				5CC1E3292CA9F06700A2561E /* RecipeEditorView.swift in Sources */,
				5CB37C3B2CCEE06900A85C11 /* HomeViewModel.swift in Sources */,
				5CB37C352CBC525B00A85C11 /* RecipeRowView.swift in Sources */,
				5C75140E2CAA66BB00D9ACE0 /* WebService.swift in Sources */,
				5CC1E3242CA9ED9700A2561E /* RecipeModel.swift in Sources */,
				5CB37C372CBCB50300A85C11 /* RecipeDetailView.swift in Sources */,
				5CB37C2F2CBB830400A85C11 /* URLInputView.swift in Sources */,
				5CB7F6932CF2F388006FC01B /* RecipeBookEditor.swift in Sources */,
				5CC1E3272CA9EE8700A2561E /* Recipe.swift in Sources */,
				5CB36A242EAD691200490467 /* TitledList.swift in Sources */,
				5CB36A2A2EAF1F7900490467 /* PersistenceManager.swift in Sources */,
				5CC456932EB7046B0045A861 /* CustomTextFieldModifier.swift in Sources */,
				5CB37C3F2CCF440B00A85C11 /* SmartSearchMatcher.swift in Sources */,
				5CC4568E2EB689D80045A861 /* RecipeContainerView.swift in Sources */,
				5CB37C462CD7E5E900A85C11 /* RecipeLibraryView.swift in Sources */,
				FA6979E32C7C3B2D007DD2A5 /* HomeView.swift in Sources */,
				5CB37C442CD47E9400A85C11 /* RecipeBook.swift in Sources */,
				5CB7F6912CF246DF006FC01B /* RecipeLibraryViewModel.swift in Sources */,
				5CB7F69B2CF78D6E006FC01B /* Orientation.swift in Sources */,
				5CC456952EB704F90045A861 /* CustomListRowModifier.swift in Sources */,
				5CB37C412CCF591B00A85C11 /* LabeledRecipe.swift in Sources */,
			);
			runOnlyForDeploymentPostprocessing = 0;
		};
		FA6979EA2C7C3B3A007DD2A5 /* Sources */ = {
			isa = PBXSourcesBuildPhase;
			buildActionMask = 2147483647;
			files = (
				FA6979F32C7C3B3A007DD2A5 /* RecipeBookTests.swift in Sources */,
			);
			runOnlyForDeploymentPostprocessing = 0;
		};
		FA6979F42C7C3B3A007DD2A5 /* Sources */ = {
			isa = PBXSourcesBuildPhase;
			buildActionMask = 2147483647;
			files = (
				FA6979FD2C7C3B3A007DD2A5 /* RecipeBookUITests.swift in Sources */,
				FA6979FF2C7C3B3A007DD2A5 /* RecipeBookUITestsLaunchTests.swift in Sources */,
			);
			runOnlyForDeploymentPostprocessing = 0;
		};
/* End PBXSourcesBuildPhase section */

/* Begin PBXTargetDependency section */
		FA6979F02C7C3B3A007DD2A5 /* PBXTargetDependency */ = {
			isa = PBXTargetDependency;
			target = FA6979D72C7C3B2D007DD2A5 /* RecipeBook */;
			targetProxy = FA6979EF2C7C3B3A007DD2A5 /* PBXContainerItemProxy */;
		};
		FA6979FA2C7C3B3A007DD2A5 /* PBXTargetDependency */ = {
			isa = PBXTargetDependency;
			target = FA6979D72C7C3B2D007DD2A5 /* RecipeBook */;
			targetProxy = FA6979F92C7C3B3A007DD2A5 /* PBXContainerItemProxy */;
		};
/* End PBXTargetDependency section */

/* Begin XCBuildConfiguration section */
		FA697A002C7C3B3A007DD2A5 /* Debug */ = {
			isa = XCBuildConfiguration;
			buildSettings = {
				ALWAYS_SEARCH_USER_PATHS = NO;
				CLANG_ANALYZER_NONNULL = YES;
				CLANG_ANALYZER_NUMBER_OBJECT_CONVERSION = YES_AGGRESSIVE;
				CLANG_CXX_LANGUAGE_STANDARD = "gnu++20";
				CLANG_ENABLE_MODULES = YES;
				CLANG_ENABLE_OBJC_ARC = YES;
				CLANG_ENABLE_OBJC_WEAK = YES;
				CLANG_WARN_BLOCK_CAPTURE_AUTORELEASING = YES;
				CLANG_WARN_BOOL_CONVERSION = YES;
				CLANG_WARN_COMMA = YES;
				CLANG_WARN_CONSTANT_CONVERSION = YES;
				CLANG_WARN_DEPRECATED_OBJC_IMPLEMENTATIONS = YES;
				CLANG_WARN_DIRECT_OBJC_ISA_USAGE = YES_ERROR;
				CLANG_WARN_DOCUMENTATION_COMMENTS = YES;
				CLANG_WARN_EMPTY_BODY = YES;
				CLANG_WARN_ENUM_CONVERSION = YES;
				CLANG_WARN_INFINITE_RECURSION = YES;
				CLANG_WARN_INT_CONVERSION = YES;
				CLANG_WARN_NON_LITERAL_NULL_CONVERSION = YES;
				CLANG_WARN_OBJC_IMPLICIT_RETAIN_SELF = YES;
				CLANG_WARN_OBJC_LITERAL_CONVERSION = YES;
				CLANG_WARN_OBJC_ROOT_CLASS = YES_ERROR;
				CLANG_WARN_QUOTED_INCLUDE_IN_FRAMEWORK_HEADER = YES;
				CLANG_WARN_RANGE_LOOP_ANALYSIS = YES;
				CLANG_WARN_STRICT_PROTOTYPES = YES;
				CLANG_WARN_SUSPICIOUS_MOVE = YES;
				CLANG_WARN_UNGUARDED_AVAILABILITY = YES_AGGRESSIVE;
				CLANG_WARN_UNREACHABLE_CODE = YES;
				CLANG_WARN__DUPLICATE_METHOD_MATCH = YES;
				COPY_PHASE_STRIP = NO;
				DEBUG_INFORMATION_FORMAT = dwarf;
				ENABLE_STRICT_OBJC_MSGSEND = YES;
				ENABLE_TESTABILITY = YES;
				GCC_C_LANGUAGE_STANDARD = gnu11;
				GCC_DYNAMIC_NO_PIC = NO;
				GCC_NO_COMMON_BLOCKS = YES;
				GCC_OPTIMIZATION_LEVEL = 0;
				GCC_PREPROCESSOR_DEFINITIONS = (
					"DEBUG=1",
					"$(inherited)",
				);
				GCC_WARN_64_TO_32_BIT_CONVERSION = YES;
				GCC_WARN_ABOUT_RETURN_TYPE = YES_ERROR;
				GCC_WARN_UNDECLARED_SELECTOR = YES;
				GCC_WARN_UNINITIALIZED_AUTOS = YES_AGGRESSIVE;
				GCC_WARN_UNUSED_FUNCTION = YES;
				GCC_WARN_UNUSED_VARIABLE = YES;
				MTL_ENABLE_DEBUG_INFO = INCLUDE_SOURCE;
				MTL_FAST_MATH = YES;
				ONLY_ACTIVE_ARCH = YES;
				SWIFT_ACTIVE_COMPILATION_CONDITIONS = DEBUG;
				SWIFT_OPTIMIZATION_LEVEL = "-Onone";
			};
			name = Debug;
		};
		FA697A012C7C3B3A007DD2A5 /* Release */ = {
			isa = XCBuildConfiguration;
			buildSettings = {
				ALWAYS_SEARCH_USER_PATHS = NO;
				CLANG_ANALYZER_NONNULL = YES;
				CLANG_ANALYZER_NUMBER_OBJECT_CONVERSION = YES_AGGRESSIVE;
				CLANG_CXX_LANGUAGE_STANDARD = "gnu++20";
				CLANG_ENABLE_MODULES = YES;
				CLANG_ENABLE_OBJC_ARC = YES;
				CLANG_ENABLE_OBJC_WEAK = YES;
				CLANG_WARN_BLOCK_CAPTURE_AUTORELEASING = YES;
				CLANG_WARN_BOOL_CONVERSION = YES;
				CLANG_WARN_COMMA = YES;
				CLANG_WARN_CONSTANT_CONVERSION = YES;
				CLANG_WARN_DEPRECATED_OBJC_IMPLEMENTATIONS = YES;
				CLANG_WARN_DIRECT_OBJC_ISA_USAGE = YES_ERROR;
				CLANG_WARN_DOCUMENTATION_COMMENTS = YES;
				CLANG_WARN_EMPTY_BODY = YES;
				CLANG_WARN_ENUM_CONVERSION = YES;
				CLANG_WARN_INFINITE_RECURSION = YES;
				CLANG_WARN_INT_CONVERSION = YES;
				CLANG_WARN_NON_LITERAL_NULL_CONVERSION = YES;
				CLANG_WARN_OBJC_IMPLICIT_RETAIN_SELF = YES;
				CLANG_WARN_OBJC_LITERAL_CONVERSION = YES;
				CLANG_WARN_OBJC_ROOT_CLASS = YES_ERROR;
				CLANG_WARN_QUOTED_INCLUDE_IN_FRAMEWORK_HEADER = YES;
				CLANG_WARN_RANGE_LOOP_ANALYSIS = YES;
				CLANG_WARN_STRICT_PROTOTYPES = YES;
				CLANG_WARN_SUSPICIOUS_MOVE = YES;
				CLANG_WARN_UNGUARDED_AVAILABILITY = YES_AGGRESSIVE;
				CLANG_WARN_UNREACHABLE_CODE = YES;
				CLANG_WARN__DUPLICATE_METHOD_MATCH = YES;
				COPY_PHASE_STRIP = NO;
				DEBUG_INFORMATION_FORMAT = "dwarf-with-dsym";
				ENABLE_NS_ASSERTIONS = NO;
				ENABLE_STRICT_OBJC_MSGSEND = YES;
				GCC_C_LANGUAGE_STANDARD = gnu11;
				GCC_NO_COMMON_BLOCKS = YES;
				GCC_WARN_64_TO_32_BIT_CONVERSION = YES;
				GCC_WARN_ABOUT_RETURN_TYPE = YES_ERROR;
				GCC_WARN_UNDECLARED_SELECTOR = YES;
				GCC_WARN_UNINITIALIZED_AUTOS = YES_AGGRESSIVE;
				GCC_WARN_UNUSED_FUNCTION = YES;
				GCC_WARN_UNUSED_VARIABLE = YES;
				MTL_ENABLE_DEBUG_INFO = NO;
				MTL_FAST_MATH = YES;
				SWIFT_COMPILATION_MODE = wholemodule;
				SWIFT_OPTIMIZATION_LEVEL = "-O";
			};
			name = Release;
		};
		FA697A032C7C3B3A007DD2A5 /* Debug */ = {
			isa = XCBuildConfiguration;
			buildSettings = {
				ASSETCATALOG_COMPILER_APPICON_NAME = "Recipe-AppIcon";
				ASSETCATALOG_COMPILER_GLOBAL_ACCENT_COLOR_NAME = AccentColor;
				ASSETCATALOG_COMPILER_INCLUDE_ALL_APPICON_ASSETS = NO;
				CODE_SIGN_ENTITLEMENTS = "RecipeBook/Supporting Files/RecipeBook.entitlements";
				"CODE_SIGN_IDENTITY[sdk=macosx*]" = "Apple Development";
				CODE_SIGN_STYLE = Automatic;
				CURRENT_PROJECT_VERSION = 1;
				DEVELOPMENT_ASSET_PATHS = "\"RecipeBook/Preview Content\"";
				DEVELOPMENT_TEAM = MU2LBB6Y2K;
				ENABLE_HARDENED_RUNTIME = YES;
				ENABLE_PREVIEWS = YES;
				GENERATE_INFOPLIST_FILE = YES;
				INFOPLIST_FILE = "RecipeBook/Supporting Files/Info.plist";
				"INFOPLIST_KEY_UIApplicationSceneManifest_Generation[sdk=iphoneos*]" = YES;
				"INFOPLIST_KEY_UIApplicationSceneManifest_Generation[sdk=iphonesimulator*]" = YES;
				"INFOPLIST_KEY_UIApplicationSupportsIndirectInputEvents[sdk=iphoneos*]" = YES;
				"INFOPLIST_KEY_UIApplicationSupportsIndirectInputEvents[sdk=iphonesimulator*]" = YES;
				"INFOPLIST_KEY_UILaunchScreen_Generation[sdk=iphoneos*]" = YES;
				"INFOPLIST_KEY_UILaunchScreen_Generation[sdk=iphonesimulator*]" = YES;
				"INFOPLIST_KEY_UIStatusBarStyle[sdk=iphoneos*]" = UIStatusBarStyleDefault;
				"INFOPLIST_KEY_UIStatusBarStyle[sdk=iphonesimulator*]" = UIStatusBarStyleDefault;
				INFOPLIST_KEY_UISupportedInterfaceOrientations_iPad = "UIInterfaceOrientationPortrait UIInterfaceOrientationPortraitUpsideDown UIInterfaceOrientationLandscapeLeft UIInterfaceOrientationLandscapeRight";
				INFOPLIST_KEY_UISupportedInterfaceOrientations_iPhone = "UIInterfaceOrientationPortrait UIInterfaceOrientationLandscapeLeft UIInterfaceOrientationLandscapeRight";
				IPHONEOS_DEPLOYMENT_TARGET = 26.0;
				LD_RUNPATH_SEARCH_PATHS = "@executable_path/Frameworks";
				"LD_RUNPATH_SEARCH_PATHS[sdk=macosx*]" = "@executable_path/../Frameworks";
				MACOSX_DEPLOYMENT_TARGET = 14.0;
				MARKETING_VERSION = 1.0;
				PRODUCT_BUNDLE_IDENTIFIER = com.mattwparas.RecipeBook;
				PRODUCT_NAME = "$(TARGET_NAME)";
				SDKROOT = auto;
				SUPPORTED_PLATFORMS = "iphoneos iphonesimulator";
				SUPPORTS_MACCATALYST = YES;
				SWIFT_EMIT_LOC_STRINGS = YES;
				SWIFT_VERSION = 5.0;
				TARGETED_DEVICE_FAMILY = "1,2";
			};
			name = Debug;
		};
		FA697A042C7C3B3A007DD2A5 /* Release */ = {
			isa = XCBuildConfiguration;
			buildSettings = {
				ASSETCATALOG_COMPILER_APPICON_NAME = "Recipe-AppIcon";
				ASSETCATALOG_COMPILER_GLOBAL_ACCENT_COLOR_NAME = AccentColor;
				ASSETCATALOG_COMPILER_INCLUDE_ALL_APPICON_ASSETS = NO;
				CODE_SIGN_ENTITLEMENTS = "RecipeBook/Supporting Files/RecipeBook.entitlements";
				"CODE_SIGN_IDENTITY[sdk=macosx*]" = "Apple Development";
				CODE_SIGN_STYLE = Automatic;
				CURRENT_PROJECT_VERSION = 1;
				DEVELOPMENT_ASSET_PATHS = "\"RecipeBook/Preview Content\"";
				DEVELOPMENT_TEAM = MU2LBB6Y2K;
				ENABLE_HARDENED_RUNTIME = YES;
				ENABLE_PREVIEWS = YES;
				GENERATE_INFOPLIST_FILE = YES;
				INFOPLIST_FILE = "RecipeBook/Supporting Files/Info.plist";
				"INFOPLIST_KEY_UIApplicationSceneManifest_Generation[sdk=iphoneos*]" = YES;
				"INFOPLIST_KEY_UIApplicationSceneManifest_Generation[sdk=iphonesimulator*]" = YES;
				"INFOPLIST_KEY_UIApplicationSupportsIndirectInputEvents[sdk=iphoneos*]" = YES;
				"INFOPLIST_KEY_UIApplicationSupportsIndirectInputEvents[sdk=iphonesimulator*]" = YES;
				"INFOPLIST_KEY_UILaunchScreen_Generation[sdk=iphoneos*]" = YES;
				"INFOPLIST_KEY_UILaunchScreen_Generation[sdk=iphonesimulator*]" = YES;
				"INFOPLIST_KEY_UIStatusBarStyle[sdk=iphoneos*]" = UIStatusBarStyleDefault;
				"INFOPLIST_KEY_UIStatusBarStyle[sdk=iphonesimulator*]" = UIStatusBarStyleDefault;
				INFOPLIST_KEY_UISupportedInterfaceOrientations_iPad = "UIInterfaceOrientationPortrait UIInterfaceOrientationPortraitUpsideDown UIInterfaceOrientationLandscapeLeft UIInterfaceOrientationLandscapeRight";
				INFOPLIST_KEY_UISupportedInterfaceOrientations_iPhone = "UIInterfaceOrientationPortrait UIInterfaceOrientationLandscapeLeft UIInterfaceOrientationLandscapeRight";
				IPHONEOS_DEPLOYMENT_TARGET = 26.0;
				LD_RUNPATH_SEARCH_PATHS = "@executable_path/Frameworks";
				"LD_RUNPATH_SEARCH_PATHS[sdk=macosx*]" = "@executable_path/../Frameworks";
				MACOSX_DEPLOYMENT_TARGET = 14.0;
				MARKETING_VERSION = 1.0;
				PRODUCT_BUNDLE_IDENTIFIER = com.mattwparas.RecipeBook;
				PRODUCT_NAME = "$(TARGET_NAME)";
				SDKROOT = auto;
				SUPPORTED_PLATFORMS = "iphoneos iphonesimulator";
				SUPPORTS_MACCATALYST = YES;
				SWIFT_EMIT_LOC_STRINGS = YES;
				SWIFT_VERSION = 5.0;
				TARGETED_DEVICE_FAMILY = "1,2";
			};
			name = Release;
		};
		FA697A062C7C3B3A007DD2A5 /* Debug */ = {
			isa = XCBuildConfiguration;
			buildSettings = {
				ALWAYS_EMBED_SWIFT_STANDARD_LIBRARIES = YES;
				BUNDLE_LOADER = "$(TEST_HOST)";
				CODE_SIGN_STYLE = Automatic;
				CURRENT_PROJECT_VERSION = 1;
				DEVELOPMENT_TEAM = V8LG346P7T;
				GENERATE_INFOPLIST_FILE = YES;
				IPHONEOS_DEPLOYMENT_TARGET = 16.4;
				MACOSX_DEPLOYMENT_TARGET = 13.3;
				MARKETING_VERSION = 1.0;
				PRODUCT_BUNDLE_IDENTIFIER = com.alexkgrimes.RecipeBookTests;
				PRODUCT_NAME = "$(TARGET_NAME)";
				SDKROOT = auto;
				SUPPORTED_PLATFORMS = "iphoneos iphonesimulator macosx";
				SWIFT_EMIT_LOC_STRINGS = NO;
				SWIFT_VERSION = 5.0;
				TARGETED_DEVICE_FAMILY = "1,2";
				TEST_HOST = "$(BUILT_PRODUCTS_DIR)/RecipeBook.app/$(BUNDLE_EXECUTABLE_FOLDER_PATH)/RecipeBook";
			};
			name = Debug;
		};
		FA697A072C7C3B3A007DD2A5 /* Release */ = {
			isa = XCBuildConfiguration;
			buildSettings = {
				ALWAYS_EMBED_SWIFT_STANDARD_LIBRARIES = YES;
				BUNDLE_LOADER = "$(TEST_HOST)";
				CODE_SIGN_STYLE = Automatic;
				CURRENT_PROJECT_VERSION = 1;
				DEVELOPMENT_TEAM = V8LG346P7T;
				GENERATE_INFOPLIST_FILE = YES;
				IPHONEOS_DEPLOYMENT_TARGET = 16.4;
				MACOSX_DEPLOYMENT_TARGET = 13.3;
				MARKETING_VERSION = 1.0;
				PRODUCT_BUNDLE_IDENTIFIER = com.alexkgrimes.RecipeBookTests;
				PRODUCT_NAME = "$(TARGET_NAME)";
				SDKROOT = auto;
				SUPPORTED_PLATFORMS = "iphoneos iphonesimulator macosx";
				SWIFT_EMIT_LOC_STRINGS = NO;
				SWIFT_VERSION = 5.0;
				TARGETED_DEVICE_FAMILY = "1,2";
				TEST_HOST = "$(BUILT_PRODUCTS_DIR)/RecipeBook.app/$(BUNDLE_EXECUTABLE_FOLDER_PATH)/RecipeBook";
			};
			name = Release;
		};
		FA697A092C7C3B3A007DD2A5 /* Debug */ = {
			isa = XCBuildConfiguration;
			buildSettings = {
				ALWAYS_EMBED_SWIFT_STANDARD_LIBRARIES = YES;
				CODE_SIGN_STYLE = Automatic;
				CURRENT_PROJECT_VERSION = 1;
				DEVELOPMENT_TEAM = V8LG346P7T;
				GENERATE_INFOPLIST_FILE = YES;
				IPHONEOS_DEPLOYMENT_TARGET = 16.4;
				MACOSX_DEPLOYMENT_TARGET = 13.3;
				MARKETING_VERSION = 1.0;
				PRODUCT_BUNDLE_IDENTIFIER = com.alexkgrimes.RecipeBookUITests;
				PRODUCT_NAME = "$(TARGET_NAME)";
				SDKROOT = auto;
				SUPPORTED_PLATFORMS = "iphoneos iphonesimulator macosx";
				SWIFT_EMIT_LOC_STRINGS = NO;
				SWIFT_VERSION = 5.0;
				TARGETED_DEVICE_FAMILY = "1,2";
				TEST_TARGET_NAME = RecipeBook;
			};
			name = Debug;
		};
		FA697A0A2C7C3B3A007DD2A5 /* Release */ = {
			isa = XCBuildConfiguration;
			buildSettings = {
				ALWAYS_EMBED_SWIFT_STANDARD_LIBRARIES = YES;
				CODE_SIGN_STYLE = Automatic;
				CURRENT_PROJECT_VERSION = 1;
				DEVELOPMENT_TEAM = V8LG346P7T;
				GENERATE_INFOPLIST_FILE = YES;
				IPHONEOS_DEPLOYMENT_TARGET = 16.4;
				MACOSX_DEPLOYMENT_TARGET = 13.3;
				MARKETING_VERSION = 1.0;
				PRODUCT_BUNDLE_IDENTIFIER = com.alexkgrimes.RecipeBookUITests;
				PRODUCT_NAME = "$(TARGET_NAME)";
				SDKROOT = auto;
				SUPPORTED_PLATFORMS = "iphoneos iphonesimulator macosx";
				SWIFT_EMIT_LOC_STRINGS = NO;
				SWIFT_VERSION = 5.0;
				TARGETED_DEVICE_FAMILY = "1,2";
				TEST_TARGET_NAME = RecipeBook;
			};
			name = Release;
		};
/* End XCBuildConfiguration section */

/* Begin XCConfigurationList section */
		FA6979D32C7C3B2D007DD2A5 /* Build configuration list for PBXProject "RecipeBook" */ = {
			isa = XCConfigurationList;
			buildConfigurations = (
				FA697A002C7C3B3A007DD2A5 /* Debug */,
				FA697A012C7C3B3A007DD2A5 /* Release */,
			);
			defaultConfigurationIsVisible = 0;
			defaultConfigurationName = Release;
		};
		FA697A022C7C3B3A007DD2A5 /* Build configuration list for PBXNativeTarget "RecipeBook" */ = {
			isa = XCConfigurationList;
			buildConfigurations = (
				FA697A032C7C3B3A007DD2A5 /* Debug */,
				FA697A042C7C3B3A007DD2A5 /* Release */,
			);
			defaultConfigurationIsVisible = 0;
			defaultConfigurationName = Release;
		};
		FA697A052C7C3B3A007DD2A5 /* Build configuration list for PBXNativeTarget "RecipeBookTests" */ = {
			isa = XCConfigurationList;
			buildConfigurations = (
				FA697A062C7C3B3A007DD2A5 /* Debug */,
				FA697A072C7C3B3A007DD2A5 /* Release */,
			);
			defaultConfigurationIsVisible = 0;
			defaultConfigurationName = Release;
		};
		FA697A082C7C3B3A007DD2A5 /* Build configuration list for PBXNativeTarget "RecipeBookUITests" */ = {
			isa = XCConfigurationList;
			buildConfigurations = (
				FA697A092C7C3B3A007DD2A5 /* Debug */,
				FA697A0A2C7C3B3A007DD2A5 /* Release */,
			);
			defaultConfigurationIsVisible = 0;
			defaultConfigurationName = Release;
		};
/* End XCConfigurationList section */
	};
	rootObject = FA6979D02C7C3B2D007DD2A5 /* Project object */;
}
